
Microsoft Visual Studio Solution File, Format Version 12.00
# Visual Studio Version 17
VisualStudioVersion = 17.2.32516.85
MinimumVisualStudioVersion = 10.0.40219.1
Project("{2150E333-8FDC-42A3-9474-1A3956D46DE8}") = "Infrastructures", "Infrastructures", "{F2F122CF-141C-4C77-9FC9-C152B5D81EA7}"
EndProject
Project("{2150E333-8FDC-42A3-9474-1A3956D46DE8}") = "Application Core", "Application Core", "{1F1180D8-2543-4A42-A76D-8F811B681FE9}"
EndProject
Project("{2150E333-8FDC-42A3-9474-1A3956D46DE8}") = "Domain", "Domain", "{6B110CBF-88C7-4494-BA7E-1B59537F8154}"
EndProject
Project("{2150E333-8FDC-42A3-9474-1A3956D46DE8}") = "Common", "Common", "{DEFE13DB-D79B-4528-9E82-C7ACDE9D1C6C}"
EndProject
Project("{2150E333-8FDC-42A3-9474-1A3956D46DE8}") = "Core", "Core", "{F8F0AE44-653F-4F83-B642-566FF5B9141C}"
EndProject
Project("{2150E333-8FDC-42A3-9474-1A3956D46DE8}") = "Support", "Support", "{642ACD1F-9235-4AEC-ACB3-4D0C3DF13A09}"
EndProject
Project("{2150E333-8FDC-42A3-9474-1A3956D46DE8}") = "SubDomain", "SubDomain", "{8CECB7D7-792C-4F25-B194-98425FD6EAD1}"
EndProject
Project("{2150E333-8FDC-42A3-9474-1A3956D46DE8}") = "Application Services", "Application Services", "{B01C3772-3C77-48C7-B51F-585663E063A4}"
EndProject
Project("{2150E333-8FDC-42A3-9474-1A3956D46DE8}") = "src", "src", "{051452D3-7BE5-4BA0-AEEC-819D7EB1722B}"
EndProject
Project("{2150E333-8FDC-42A3-9474-1A3956D46DE8}") = "tests", "tests", "{5CCFDCF7-6E63-4FB5-9235-7A8D6694A983}"
EndProject
Project("{2150E333-8FDC-42A3-9474-1A3956D46DE8}") = "SubDomain", "SubDomain", "{74D262D9-D9F1-4B9D-80EB-D0624AA79FD6}"
EndProject
Project("{2150E333-8FDC-42A3-9474-1A3956D46DE8}") = "SubDomain", "SubDomain", "{AA762460-9AAB-421B-B00E-5C4BB64415FB}"
EndProject
Project("{9A19103F-16F7-4668-BE54-9A1E7A4F7556}") = "ECHO.Infrastructure.Consul", "src\Infrastructures\ECHO.Infrastructure.Consul\ECHO.Infrastructure.Consul.csproj", "{C0625E4E-9226-45F7-87C6-E0CB4B97908F}"
EndProject
Project("{9A19103F-16F7-4668-BE54-9A1E7A4F7556}") = "ECHO.Infrastructure.Core", "src\Infrastructures\ECHO.Infrastructure.Core\ECHO.Infrastructure.Core.csproj", "{A1899FDA-6C13-4EE6-8187-A161E635D132}"
EndProject
Project("{9A19103F-16F7-4668-BE54-9A1E7A4F7556}") = "ECHO.Infrastructure.EventBus", "src\Infrastructures\ECHO.Infrastructure.EventBus\ECHO.Infrastructure.EventBus.csproj", "{CFB16588-8853-450A-9E25-6ADD2428633C}"
EndProject
Project("{9A19103F-16F7-4668-BE54-9A1E7A4F7556}") = "ECHO.Infrastructure.Helper", "src\Infrastructures\ECHO.Infrastructure.Helper\ECHO.Infrastructure.Helper.csproj", "{27D2E056-08BC-4FF1-98DB-857B8542A62F}"
EndProject
Project("{9A19103F-16F7-4668-BE54-9A1E7A4F7556}") = "ECHO.Infrastructure.IdGenerater", "src\Infrastructures\ECHO.Infrastructure.IdGenerater\ECHO.Infrastructure.IdGenerater.csproj", "{92FD3AF6-5ABB-4A10-A2BE-8E45197E40B2}"
EndProject
Project("{9A19103F-16F7-4668-BE54-9A1E7A4F7556}") = "ECHO.Infrastructure.Mapper", "src\Infrastructures\ECHO.Infrastructure.Mapper\ECHO.Infrastructure.Mapper.csproj", "{89434AA4-492F-4331-8EEE-8D6AD25F7AAB}"
EndProject
Project("{9A19103F-16F7-4668-BE54-9A1E7A4F7556}") = "ECHO.Infrastructure.Repository", "src\Infrastructures\ECHO.Infrastructure.Repository\ECHO.Infrastructure.Repository.csproj", "{3848080F-D021-47FE-8D85-919D479A8738}"
EndProject
Project("{9A19103F-16F7-4668-BE54-9A1E7A4F7556}") = "ECHO.Infrastructure.Repository.Dapper", "src\Infrastructures\ECHO.Infrastructure.Repository.Dapper\ECHO.Infrastructure.Repository.Dapper.csproj", "{0CE6DEE2-C267-4CD0-AB4D-2B809E1D1719}"
EndProject
Project("{9A19103F-16F7-4668-BE54-9A1E7A4F7556}") = "ECHO.Infrastructure.Repository.EfCore", "src\Infrastructures\ECHO.Infrastructure.Repository.EfCore\ECHO.Infrastructure.Repository.EfCore.csproj", "{2798C837-9A08-46B5-A847-185256DD232B}"
EndProject
Project("{9A19103F-16F7-4668-BE54-9A1E7A4F7556}") = "ECHO.Infrastructure.Repository.EfCore.MySQL", "src\Infrastructures\ECHO.Infrastructure.Repository.EfCore.MySQL\ECHO.Infrastructure.Repository.EfCore.MySQL.csproj", "{241ADCA7-885E-44C5-8D9A-4979B3C71C31}"
EndProject
Project("{9A19103F-16F7-4668-BE54-9A1E7A4F7556}") = "ECHO.Infrastructure.Repository.EfCore.SQLServer", "src\Infrastructures\ECHO.Infrastructure.Repository.EfCore.SQLServer\ECHO.Infrastructure.Repository.EfCore.SQLServer.csproj", "{634915EA-EA53-4CBE-9108-2A192A9D5312}"
EndProject
Project("{9A19103F-16F7-4668-BE54-9A1E7A4F7556}") = "ECHO.Infrastructure.Repository.Mongo", "src\Infrastructures\ECHO.Infrastructure.Repository.Mongo\ECHO.Infrastructure.Repository.Mongo.csproj", "{F51AC4E3-C486-46C4-B1F2-D1191CDC245A}"
EndProject
Project("{2150E333-8FDC-42A3-9474-1A3956D46DE8}") = "SharedKernel", "SharedKernel", "{F627876B-62B4-40A6-AF1B-575D27D1B26C}"
EndProject
Project("{9A19103F-16F7-4668-BE54-9A1E7A4F7556}") = "ECHO.SharedKernel", "src\Application Core\SharedKernel\ECHO.SharedKernel\ECHO.SharedKernel.csproj", "{FD126E90-8549-424D-AF78-D6A12C517F25}"
EndProject
Project("{9A19103F-16F7-4668-BE54-9A1E7A4F7556}") = "ECHO.SharedKernel.ApiService", "src\Application Core\SharedKernel\ECHO.SharedKernel.ApiService\ECHO.SharedKernel.ApiService.csproj", "{A5629524-A383-43DD-9F18-A55334323B88}"
EndProject
Project("{9A19103F-16F7-4668-BE54-9A1E7A4F7556}") = "ECHO.SharedKernel.Application", "src\Application Core\SharedKernel\ECHO.SharedKernel.Application\ECHO.SharedKernel.Application.csproj", "{DE5A9BEA-E0BD-4596-8C2D-E193413C5463}"
EndProject
Project("{9A19103F-16F7-4668-BE54-9A1E7A4F7556}") = "ECHO.SharedKernel.Domain", "src\Application Core\SharedKernel\ECHO.SharedKernel.Domain\ECHO.SharedKernel.Domain.csproj", "{C5E213BA-E870-4FDF-A8BA-C056FAA3D21C}"
EndProject
Project("{9A19103F-16F7-4668-BE54-9A1E7A4F7556}") = "ECHO.SharedKernel.Rpc", "src\Application Core\SharedKernel\ECHO.SharedKernel.Rpc\ECHO.SharedKernel.Rpc.csproj", "{7BC21081-2C17-42C5-8F06-2813C0D7AA56}"
EndProject
Project("{2150E333-8FDC-42A3-9474-1A3956D46DE8}") = "build", "build", "{1038551C-98A3-4C26-8F9F-861AE6D0C081}"
	ProjectSection(SolutionItems) = preProject
		build\common.props = build\common.props
		build\version.props = build\version.props
	EndProjectSection
EndProject
Project("{9A19103F-16F7-4668-BE54-9A1E7A4F7556}") = "ECHO.SharedKernel.Repository", "src\Application Core\SharedKernel\ECHO.SharedKernel.Repository\ECHO.SharedKernel.Repository.csproj", "{6D3743F3-0FFC-4110-A5C5-1E235F34DE01}"
EndProject
Project("{9A19103F-16F7-4668-BE54-9A1E7A4F7556}") = "ECHO.SharedKernel.Contracts", "src\Application Core\SharedKernel\ECHO.SharedKernel.Contracts\ECHO.SharedKernel.Contracts.csproj", "{2ECAFBFA-3BB1-434A-937F-9AF71AF8239C}"
EndProject
Project("{9A19103F-16F7-4668-BE54-9A1E7A4F7556}") = "ECHO.Gateway.Ocelot", "src\Application Services\ECHO.Gateway.Ocelot\ECHO.Gateway.Ocelot.csproj", "{10A8EAAF-E3F0-4A87-89D0-D9C59AA9F4F6}"
EndProject
Project("{9A19103F-16F7-4668-BE54-9A1E7A4F7556}") = "ECHO.Infrastructure.Redis", "src\Infrastructures\ECHO.Infrastructure.Redis\ECHO.Infrastructure.Redis.csproj", "{E3DA2F20-DA2C-420D-91EF-962757F08180}"
EndProject
Project("{9A19103F-16F7-4668-BE54-9A1E7A4F7556}") = "ECHO.Infrastructure.Redis.Caching", "src\Infrastructures\ECHO.Infrastructure.Redis.Caching\ECHO.Infrastructure.Redis.Caching.csproj", "{A2B2DA84-4F9E-4CBA-AF10-B56BAFA06934}"
EndProject
Project("{9A19103F-16F7-4668-BE54-9A1E7A4F7556}") = "ECHO.Dcs.ApiService", "src\Application Services\ECHO.Dcs.ApiService\ECHO.Dcs.ApiService.csproj", "{7382C128-F421-49EC-9FD3-5B482A7A7F19}"
EndProject
Project("{9A19103F-16F7-4668-BE54-9A1E7A4F7556}") = "ECHO.Dcs.Application", "src\Application Core\Domain\Core\ECHO.Dcs.Application\ECHO.Dcs.Application.csproj", "{633A7A0A-D3C4-4EAD-A3A7-F6C619EE5C98}"
EndProject
Project("{9A19103F-16F7-4668-BE54-9A1E7A4F7556}") = "ECHO.Dcs.Contracts", "src\Application Core\Domain\Core\ECHO.Dcs.Contracts\ECHO.Dcs.Contracts.csproj", "{DAF11498-5970-4764-81E0-3A81C17AA59E}"
EndProject
Project("{9A19103F-16F7-4668-BE54-9A1E7A4F7556}") = "ECHO.Dcs.Migrations", "src\Application Core\Domain\Core\ECHO.Dcs.Migrations\ECHO.Dcs.Migrations.csproj", "{D4FA5671-D29C-4909-BF9C-F3B57E899E32}"
EndProject
Project("{9A19103F-16F7-4668-BE54-9A1E7A4F7556}") = "ECHO.Dcs.Repository", "src\Application Core\Domain\Core\ECHO.Dcs.Repository\ECHO.Dcs.Repository.csproj", "{6731BBCB-E864-4243-B00B-4394E4A7B749}"
EndProject
Project("{9A19103F-16F7-4668-BE54-9A1E7A4F7556}") = "ECHO.Usr.ApiService", "src\Application Services\ECHO.Usr.ApiService\ECHO.Usr.ApiService.csproj", "{71F3D44F-7886-4DC8-84DB-AAC4F64A7DBE}"
EndProject
Project("{9A19103F-16F7-4668-BE54-9A1E7A4F7556}") = "ECHO.Usr.Application", "src\Application Core\Domain\Support\ECHO.Usr.Application\ECHO.Usr.Application.csproj", "{7E2782F5-3DDE-4CDC-92D3-88B64579A6AD}"
EndProject
Project("{9A19103F-16F7-4668-BE54-9A1E7A4F7556}") = "ECHO.Usr.Contracts", "src\Application Core\Domain\Support\ECHO.Usr.Contracts\ECHO.Usr.Contracts.csproj", "{87866DB0-0F55-409B-9DA3-41724207A5F7}"
EndProject
Project("{9A19103F-16F7-4668-BE54-9A1E7A4F7556}") = "ECHO.Usr.Migrations", "src\Application Core\Domain\Support\ECHO.Usr.Migrations\ECHO.Usr.Migrations.csproj", "{E19A9842-E140-4569-8ECE-393FCC5DE3B2}"
EndProject
Project("{9A19103F-16F7-4668-BE54-9A1E7A4F7556}") = "ECHO.Usr.Repository", "src\Application Core\Domain\Support\ECHO.Usr.Repository\ECHO.Usr.Repository.csproj", "{5C9FE9B4-A1ED-45A1-B163-85B6D922DF9C}"
EndProject
Global
	GlobalSection(SolutionConfigurationPlatforms) = preSolution
		Debug|Any CPU = Debug|Any CPU
		Release|Any CPU = Release|Any CPU
	EndGlobalSection
	GlobalSection(ProjectConfigurationPlatforms) = postSolution
		{C0625E4E-9226-45F7-87C6-E0CB4B97908F}.Debug|Any CPU.ActiveCfg = Debug|Any CPU
		{C0625E4E-9226-45F7-87C6-E0CB4B97908F}.Debug|Any CPU.Build.0 = Debug|Any CPU
		{C0625E4E-9226-45F7-87C6-E0CB4B97908F}.Release|Any CPU.ActiveCfg = Release|Any CPU
		{C0625E4E-9226-45F7-87C6-E0CB4B97908F}.Release|Any CPU.Build.0 = Release|Any CPU
		{A1899FDA-6C13-4EE6-8187-A161E635D132}.Debug|Any CPU.ActiveCfg = Debug|Any CPU
		{A1899FDA-6C13-4EE6-8187-A161E635D132}.Debug|Any CPU.Build.0 = Debug|Any CPU
		{A1899FDA-6C13-4EE6-8187-A161E635D132}.Release|Any CPU.ActiveCfg = Release|Any CPU
		{A1899FDA-6C13-4EE6-8187-A161E635D132}.Release|Any CPU.Build.0 = Release|Any CPU
		{CFB16588-8853-450A-9E25-6ADD2428633C}.Debug|Any CPU.ActiveCfg = Debug|Any CPU
		{CFB16588-8853-450A-9E25-6ADD2428633C}.Debug|Any CPU.Build.0 = Debug|Any CPU
		{CFB16588-8853-450A-9E25-6ADD2428633C}.Release|Any CPU.ActiveCfg = Release|Any CPU
		{CFB16588-8853-450A-9E25-6ADD2428633C}.Release|Any CPU.Build.0 = Release|Any CPU
		{27D2E056-08BC-4FF1-98DB-857B8542A62F}.Debug|Any CPU.ActiveCfg = Debug|Any CPU
		{27D2E056-08BC-4FF1-98DB-857B8542A62F}.Debug|Any CPU.Build.0 = Debug|Any CPU
		{27D2E056-08BC-4FF1-98DB-857B8542A62F}.Release|Any CPU.ActiveCfg = Release|Any CPU
		{27D2E056-08BC-4FF1-98DB-857B8542A62F}.Release|Any CPU.Build.0 = Release|Any CPU
		{92FD3AF6-5ABB-4A10-A2BE-8E45197E40B2}.Debug|Any CPU.ActiveCfg = Debug|Any CPU
		{92FD3AF6-5ABB-4A10-A2BE-8E45197E40B2}.Debug|Any CPU.Build.0 = Debug|Any CPU
		{92FD3AF6-5ABB-4A10-A2BE-8E45197E40B2}.Release|Any CPU.ActiveCfg = Release|Any CPU
		{92FD3AF6-5ABB-4A10-A2BE-8E45197E40B2}.Release|Any CPU.Build.0 = Release|Any CPU
		{89434AA4-492F-4331-8EEE-8D6AD25F7AAB}.Debug|Any CPU.ActiveCfg = Debug|Any CPU
		{89434AA4-492F-4331-8EEE-8D6AD25F7AAB}.Debug|Any CPU.Build.0 = Debug|Any CPU
		{89434AA4-492F-4331-8EEE-8D6AD25F7AAB}.Release|Any CPU.ActiveCfg = Release|Any CPU
		{89434AA4-492F-4331-8EEE-8D6AD25F7AAB}.Release|Any CPU.Build.0 = Release|Any CPU
		{3848080F-D021-47FE-8D85-919D479A8738}.Debug|Any CPU.ActiveCfg = Debug|Any CPU
		{3848080F-D021-47FE-8D85-919D479A8738}.Debug|Any CPU.Build.0 = Debug|Any CPU
		{3848080F-D021-47FE-8D85-919D479A8738}.Release|Any CPU.ActiveCfg = Release|Any CPU
		{3848080F-D021-47FE-8D85-919D479A8738}.Release|Any CPU.Build.0 = Release|Any CPU
		{0CE6DEE2-C267-4CD0-AB4D-2B809E1D1719}.Debug|Any CPU.ActiveCfg = Debug|Any CPU
		{0CE6DEE2-C267-4CD0-AB4D-2B809E1D1719}.Debug|Any CPU.Build.0 = Debug|Any CPU
		{0CE6DEE2-C267-4CD0-AB4D-2B809E1D1719}.Release|Any CPU.ActiveCfg = Release|Any CPU
		{0CE6DEE2-C267-4CD0-AB4D-2B809E1D1719}.Release|Any CPU.Build.0 = Release|Any CPU
		{2798C837-9A08-46B5-A847-185256DD232B}.Debug|Any CPU.ActiveCfg = Debug|Any CPU
		{2798C837-9A08-46B5-A847-185256DD232B}.Debug|Any CPU.Build.0 = Debug|Any CPU
		{2798C837-9A08-46B5-A847-185256DD232B}.Release|Any CPU.ActiveCfg = Release|Any CPU
		{2798C837-9A08-46B5-A847-185256DD232B}.Release|Any CPU.Build.0 = Release|Any CPU
		{241ADCA7-885E-44C5-8D9A-4979B3C71C31}.Debug|Any CPU.ActiveCfg = Debug|Any CPU
		{241ADCA7-885E-44C5-8D9A-4979B3C71C31}.Debug|Any CPU.Build.0 = Debug|Any CPU
		{241ADCA7-885E-44C5-8D9A-4979B3C71C31}.Release|Any CPU.ActiveCfg = Release|Any CPU
		{241ADCA7-885E-44C5-8D9A-4979B3C71C31}.Release|Any CPU.Build.0 = Release|Any CPU
		{634915EA-EA53-4CBE-9108-2A192A9D5312}.Debug|Any CPU.ActiveCfg = Debug|Any CPU
		{634915EA-EA53-4CBE-9108-2A192A9D5312}.Debug|Any CPU.Build.0 = Debug|Any CPU
		{634915EA-EA53-4CBE-9108-2A192A9D5312}.Release|Any CPU.ActiveCfg = Release|Any CPU
		{634915EA-EA53-4CBE-9108-2A192A9D5312}.Release|Any CPU.Build.0 = Release|Any CPU
		{F51AC4E3-C486-46C4-B1F2-D1191CDC245A}.Debug|Any CPU.ActiveCfg = Debug|Any CPU
		{F51AC4E3-C486-46C4-B1F2-D1191CDC245A}.Debug|Any CPU.Build.0 = Debug|Any CPU
		{F51AC4E3-C486-46C4-B1F2-D1191CDC245A}.Release|Any CPU.ActiveCfg = Release|Any CPU
		{F51AC4E3-C486-46C4-B1F2-D1191CDC245A}.Release|Any CPU.Build.0 = Release|Any CPU
		{FD126E90-8549-424D-AF78-D6A12C517F25}.Debug|Any CPU.ActiveCfg = Debug|Any CPU
		{FD126E90-8549-424D-AF78-D6A12C517F25}.Debug|Any CPU.Build.0 = Debug|Any CPU
		{FD126E90-8549-424D-AF78-D6A12C517F25}.Release|Any CPU.ActiveCfg = Release|Any CPU
		{FD126E90-8549-424D-AF78-D6A12C517F25}.Release|Any CPU.Build.0 = Release|Any CPU
		{A5629524-A383-43DD-9F18-A55334323B88}.Debug|Any CPU.ActiveCfg = Debug|Any CPU
		{A5629524-A383-43DD-9F18-A55334323B88}.Debug|Any CPU.Build.0 = Debug|Any CPU
		{A5629524-A383-43DD-9F18-A55334323B88}.Release|Any CPU.ActiveCfg = Release|Any CPU
		{A5629524-A383-43DD-9F18-A55334323B88}.Release|Any CPU.Build.0 = Release|Any CPU
		{DE5A9BEA-E0BD-4596-8C2D-E193413C5463}.Debug|Any CPU.ActiveCfg = Debug|Any CPU
		{DE5A9BEA-E0BD-4596-8C2D-E193413C5463}.Debug|Any CPU.Build.0 = Debug|Any CPU
		{DE5A9BEA-E0BD-4596-8C2D-E193413C5463}.Release|Any CPU.ActiveCfg = Release|Any CPU
		{DE5A9BEA-E0BD-4596-8C2D-E193413C5463}.Release|Any CPU.Build.0 = Release|Any CPU
		{C5E213BA-E870-4FDF-A8BA-C056FAA3D21C}.Debug|Any CPU.ActiveCfg = Debug|Any CPU
		{C5E213BA-E870-4FDF-A8BA-C056FAA3D21C}.Debug|Any CPU.Build.0 = Debug|Any CPU
		{C5E213BA-E870-4FDF-A8BA-C056FAA3D21C}.Release|Any CPU.ActiveCfg = Release|Any CPU
		{C5E213BA-E870-4FDF-A8BA-C056FAA3D21C}.Release|Any CPU.Build.0 = Release|Any CPU
		{7BC21081-2C17-42C5-8F06-2813C0D7AA56}.Debug|Any CPU.ActiveCfg = Debug|Any CPU
		{7BC21081-2C17-42C5-8F06-2813C0D7AA56}.Debug|Any CPU.Build.0 = Debug|Any CPU
		{7BC21081-2C17-42C5-8F06-2813C0D7AA56}.Release|Any CPU.ActiveCfg = Release|Any CPU
		{7BC21081-2C17-42C5-8F06-2813C0D7AA56}.Release|Any CPU.Build.0 = Release|Any CPU
		{6D3743F3-0FFC-4110-A5C5-1E235F34DE01}.Debug|Any CPU.ActiveCfg = Debug|Any CPU
		{6D3743F3-0FFC-4110-A5C5-1E235F34DE01}.Debug|Any CPU.Build.0 = Debug|Any CPU
		{6D3743F3-0FFC-4110-A5C5-1E235F34DE01}.Release|Any CPU.ActiveCfg = Release|Any CPU
		{6D3743F3-0FFC-4110-A5C5-1E235F34DE01}.Release|Any CPU.Build.0 = Release|Any CPU
		{2ECAFBFA-3BB1-434A-937F-9AF71AF8239C}.Debug|Any CPU.ActiveCfg = Debug|Any CPU
		{2ECAFBFA-3BB1-434A-937F-9AF71AF8239C}.Debug|Any CPU.Build.0 = Debug|Any CPU
		{2ECAFBFA-3BB1-434A-937F-9AF71AF8239C}.Release|Any CPU.ActiveCfg = Release|Any CPU
		{2ECAFBFA-3BB1-434A-937F-9AF71AF8239C}.Release|Any CPU.Build.0 = Release|Any CPU
		{10A8EAAF-E3F0-4A87-89D0-D9C59AA9F4F6}.Debug|Any CPU.ActiveCfg = Debug|Any CPU
		{10A8EAAF-E3F0-4A87-89D0-D9C59AA9F4F6}.Debug|Any CPU.Build.0 = Debug|Any CPU
		{10A8EAAF-E3F0-4A87-89D0-D9C59AA9F4F6}.Release|Any CPU.ActiveCfg = Release|Any CPU
		{10A8EAAF-E3F0-4A87-89D0-D9C59AA9F4F6}.Release|Any CPU.Build.0 = Release|Any CPU
		{E3DA2F20-DA2C-420D-91EF-962757F08180}.Debug|Any CPU.ActiveCfg = Debug|Any CPU
		{E3DA2F20-DA2C-420D-91EF-962757F08180}.Debug|Any CPU.Build.0 = Debug|Any CPU
		{E3DA2F20-DA2C-420D-91EF-962757F08180}.Release|Any CPU.ActiveCfg = Release|Any CPU
		{E3DA2F20-DA2C-420D-91EF-962757F08180}.Release|Any CPU.Build.0 = Release|Any CPU
		{A2B2DA84-4F9E-4CBA-AF10-B56BAFA06934}.Debug|Any CPU.ActiveCfg = Debug|Any CPU
		{A2B2DA84-4F9E-4CBA-AF10-B56BAFA06934}.Debug|Any CPU.Build.0 = Debug|Any CPU
		{A2B2DA84-4F9E-4CBA-AF10-B56BAFA06934}.Release|Any CPU.ActiveCfg = Release|Any CPU
		{A2B2DA84-4F9E-4CBA-AF10-B56BAFA06934}.Release|Any CPU.Build.0 = Release|Any CPU
		{7382C128-F421-49EC-9FD3-5B482A7A7F19}.Debug|Any CPU.ActiveCfg = Debug|Any CPU
		{7382C128-F421-49EC-9FD3-5B482A7A7F19}.Debug|Any CPU.Build.0 = Debug|Any CPU
		{7382C128-F421-49EC-9FD3-5B482A7A7F19}.Release|Any CPU.ActiveCfg = Release|Any CPU
		{7382C128-F421-49EC-9FD3-5B482A7A7F19}.Release|Any CPU.Build.0 = Release|Any CPU
		{633A7A0A-D3C4-4EAD-A3A7-F6C619EE5C98}.Debug|Any CPU.ActiveCfg = Debug|Any CPU
		{633A7A0A-D3C4-4EAD-A3A7-F6C619EE5C98}.Debug|Any CPU.Build.0 = Debug|Any CPU
		{633A7A0A-D3C4-4EAD-A3A7-F6C619EE5C98}.Release|Any CPU.ActiveCfg = Release|Any CPU
		{633A7A0A-D3C4-4EAD-A3A7-F6C619EE5C98}.Release|Any CPU.Build.0 = Release|Any CPU
		{DAF11498-5970-4764-81E0-3A81C17AA59E}.Debug|Any CPU.ActiveCfg = Debug|Any CPU
		{DAF11498-5970-4764-81E0-3A81C17AA59E}.Debug|Any CPU.Build.0 = Debug|Any CPU
		{DAF11498-5970-4764-81E0-3A81C17AA59E}.Release|Any CPU.ActiveCfg = Release|Any CPU
		{DAF11498-5970-4764-81E0-3A81C17AA59E}.Release|Any CPU.Build.0 = Release|Any CPU
		{D4FA5671-D29C-4909-BF9C-F3B57E899E32}.Debug|Any CPU.ActiveCfg = Debug|Any CPU
		{D4FA5671-D29C-4909-BF9C-F3B57E899E32}.Debug|Any CPU.Build.0 = Debug|Any CPU
		{D4FA5671-D29C-4909-BF9C-F3B57E899E32}.Release|Any CPU.ActiveCfg = Release|Any CPU
		{D4FA5671-D29C-4909-BF9C-F3B57E899E32}.Release|Any CPU.Build.0 = Release|Any CPU
		{6731BBCB-E864-4243-B00B-4394E4A7B749}.Debug|Any CPU.ActiveCfg = Debug|Any CPU
		{6731BBCB-E864-4243-B00B-4394E4A7B749}.Debug|Any CPU.Build.0 = Debug|Any CPU
		{6731BBCB-E864-4243-B00B-4394E4A7B749}.Release|Any CPU.ActiveCfg = Release|Any CPU
		{6731BBCB-E864-4243-B00B-4394E4A7B749}.Release|Any CPU.Build.0 = Release|Any CPU
		{71F3D44F-7886-4DC8-84DB-AAC4F64A7DBE}.Debug|Any CPU.ActiveCfg = Debug|Any CPU
		{71F3D44F-7886-4DC8-84DB-AAC4F64A7DBE}.Debug|Any CPU.Build.0 = Debug|Any CPU
		{71F3D44F-7886-4DC8-84DB-AAC4F64A7DBE}.Release|Any CPU.ActiveCfg = Release|Any CPU
		{71F3D44F-7886-4DC8-84DB-AAC4F64A7DBE}.Release|Any CPU.Build.0 = Release|Any CPU
		{7E2782F5-3DDE-4CDC-92D3-88B64579A6AD}.Debug|Any CPU.ActiveCfg = Debug|Any CPU
		{7E2782F5-3DDE-4CDC-92D3-88B64579A6AD}.Debug|Any CPU.Build.0 = Debug|Any CPU
		{7E2782F5-3DDE-4CDC-92D3-88B64579A6AD}.Release|Any CPU.ActiveCfg = Release|Any CPU
		{7E2782F5-3DDE-4CDC-92D3-88B64579A6AD}.Release|Any CPU.Build.0 = Release|Any CPU
		{87866DB0-0F55-409B-9DA3-41724207A5F7}.Debug|Any CPU.ActiveCfg = Debug|Any CPU
		{87866DB0-0F55-409B-9DA3-41724207A5F7}.Debug|Any CPU.Build.0 = Debug|Any CPU
		{87866DB0-0F55-409B-9DA3-41724207A5F7}.Release|Any CPU.ActiveCfg = Release|Any CPU
		{87866DB0-0F55-409B-9DA3-41724207A5F7}.Release|Any CPU.Build.0 = Release|Any CPU
		{E19A9842-E140-4569-8ECE-393FCC5DE3B2}.Debug|Any CPU.ActiveCfg = Debug|Any CPU
		{E19A9842-E140-4569-8ECE-393FCC5DE3B2}.Debug|Any CPU.Build.0 = Debug|Any CPU
		{E19A9842-E140-4569-8ECE-393FCC5DE3B2}.Release|Any CPU.ActiveCfg = Release|Any CPU
		{E19A9842-E140-4569-8ECE-393FCC5DE3B2}.Release|Any CPU.Build.0 = Release|Any CPU
		{5C9FE9B4-A1ED-45A1-B163-85B6D922DF9C}.Debug|Any CPU.ActiveCfg = Debug|Any CPU
		{5C9FE9B4-A1ED-45A1-B163-85B6D922DF9C}.Debug|Any CPU.Build.0 = Debug|Any CPU
		{5C9FE9B4-A1ED-45A1-B163-85B6D922DF9C}.Release|Any CPU.ActiveCfg = Release|Any CPU
		{5C9FE9B4-A1ED-45A1-B163-85B6D922DF9C}.Release|Any CPU.Build.0 = Release|Any CPU
	EndGlobalSection
	GlobalSection(SolutionProperties) = preSolution
		HideSolutionNode = FALSE
	EndGlobalSection
	GlobalSection(NestedProjects) = preSolution
		{F2F122CF-141C-4C77-9FC9-C152B5D81EA7} = {051452D3-7BE5-4BA0-AEEC-819D7EB1722B}
		{1F1180D8-2543-4A42-A76D-8F811B681FE9} = {051452D3-7BE5-4BA0-AEEC-819D7EB1722B}
		{6B110CBF-88C7-4494-BA7E-1B59537F8154} = {1F1180D8-2543-4A42-A76D-8F811B681FE9}
		{DEFE13DB-D79B-4528-9E82-C7ACDE9D1C6C} = {6B110CBF-88C7-4494-BA7E-1B59537F8154}
		{F8F0AE44-653F-4F83-B642-566FF5B9141C} = {6B110CBF-88C7-4494-BA7E-1B59537F8154}
		{642ACD1F-9235-4AEC-ACB3-4D0C3DF13A09} = {6B110CBF-88C7-4494-BA7E-1B59537F8154}
		{8CECB7D7-792C-4F25-B194-98425FD6EAD1} = {F8F0AE44-653F-4F83-B642-566FF5B9141C}
		{B01C3772-3C77-48C7-B51F-585663E063A4} = {051452D3-7BE5-4BA0-AEEC-819D7EB1722B}
		{74D262D9-D9F1-4B9D-80EB-D0624AA79FD6} = {DEFE13DB-D79B-4528-9E82-C7ACDE9D1C6C}
		{AA762460-9AAB-421B-B00E-5C4BB64415FB} = {642ACD1F-9235-4AEC-ACB3-4D0C3DF13A09}
		{C0625E4E-9226-45F7-87C6-E0CB4B97908F} = {F2F122CF-141C-4C77-9FC9-C152B5D81EA7}
		{A1899FDA-6C13-4EE6-8187-A161E635D132} = {F2F122CF-141C-4C77-9FC9-C152B5D81EA7}
		{CFB16588-8853-450A-9E25-6ADD2428633C} = {F2F122CF-141C-4C77-9FC9-C152B5D81EA7}
		{27D2E056-08BC-4FF1-98DB-857B8542A62F} = {F2F122CF-141C-4C77-9FC9-C152B5D81EA7}
		{92FD3AF6-5ABB-4A10-A2BE-8E45197E40B2} = {F2F122CF-141C-4C77-9FC9-C152B5D81EA7}
		{89434AA4-492F-4331-8EEE-8D6AD25F7AAB} = {F2F122CF-141C-4C77-9FC9-C152B5D81EA7}
		{3848080F-D021-47FE-8D85-919D479A8738} = {F2F122CF-141C-4C77-9FC9-C152B5D81EA7}
		{0CE6DEE2-C267-4CD0-AB4D-2B809E1D1719} = {F2F122CF-141C-4C77-9FC9-C152B5D81EA7}
		{2798C837-9A08-46B5-A847-185256DD232B} = {F2F122CF-141C-4C77-9FC9-C152B5D81EA7}
		{241ADCA7-885E-44C5-8D9A-4979B3C71C31} = {F2F122CF-141C-4C77-9FC9-C152B5D81EA7}
		{634915EA-EA53-4CBE-9108-2A192A9D5312} = {F2F122CF-141C-4C77-9FC9-C152B5D81EA7}
		{F51AC4E3-C486-46C4-B1F2-D1191CDC245A} = {F2F122CF-141C-4C77-9FC9-C152B5D81EA7}
		{F627876B-62B4-40A6-AF1B-575D27D1B26C} = {1F1180D8-2543-4A42-A76D-8F811B681FE9}
		{FD126E90-8549-424D-AF78-D6A12C517F25} = {F627876B-62B4-40A6-AF1B-575D27D1B26C}
		{A5629524-A383-43DD-9F18-A55334323B88} = {F627876B-62B4-40A6-AF1B-575D27D1B26C}
		{DE5A9BEA-E0BD-4596-8C2D-E193413C5463} = {F627876B-62B4-40A6-AF1B-575D27D1B26C}
		{C5E213BA-E870-4FDF-A8BA-C056FAA3D21C} = {F627876B-62B4-40A6-AF1B-575D27D1B26C}
		{7BC21081-2C17-42C5-8F06-2813C0D7AA56} = {F627876B-62B4-40A6-AF1B-575D27D1B26C}
		{6D3743F3-0FFC-4110-A5C5-1E235F34DE01} = {F627876B-62B4-40A6-AF1B-575D27D1B26C}
		{2ECAFBFA-3BB1-434A-937F-9AF71AF8239C} = {F627876B-62B4-40A6-AF1B-575D27D1B26C}
		{10A8EAAF-E3F0-4A87-89D0-D9C59AA9F4F6} = {B01C3772-3C77-48C7-B51F-585663E063A4}
		{E3DA2F20-DA2C-420D-91EF-962757F08180} = {F2F122CF-141C-4C77-9FC9-C152B5D81EA7}
		{A2B2DA84-4F9E-4CBA-AF10-B56BAFA06934} = {F2F122CF-141C-4C77-9FC9-C152B5D81EA7}
		{7382C128-F421-49EC-9FD3-5B482A7A7F19} = {B01C3772-3C77-48C7-B51F-585663E063A4}
		{633A7A0A-D3C4-4EAD-A3A7-F6C619EE5C98} = {F8F0AE44-653F-4F83-B642-566FF5B9141C}
		{DAF11498-5970-4764-81E0-3A81C17AA59E} = {F8F0AE44-653F-4F83-B642-566FF5B9141C}
		{D4FA5671-D29C-4909-BF9C-F3B57E899E32} = {F8F0AE44-653F-4F83-B642-566FF5B9141C}
		{6731BBCB-E864-4243-B00B-4394E4A7B749} = {F8F0AE44-653F-4F83-B642-566FF5B9141C}
		{71F3D44F-7886-4DC8-84DB-AAC4F64A7DBE} = {B01C3772-3C77-48C7-B51F-585663E063A4}
		{7E2782F5-3DDE-4CDC-92D3-88B64579A6AD} = {642ACD1F-9235-4AEC-ACB3-4D0C3DF13A09}
		{87866DB0-0F55-409B-9DA3-41724207A5F7} = {642ACD1F-9235-4AEC-ACB3-4D0C3DF13A09}
		{E19A9842-E140-4569-8ECE-393FCC5DE3B2} = {642ACD1F-9235-4AEC-ACB3-4D0C3DF13A09}
		{5C9FE9B4-A1ED-45A1-B163-85B6D922DF9C} = {642ACD1F-9235-4AEC-ACB3-4D0C3DF13A09}
	EndGlobalSection
	GlobalSection(ExtensibilityGlobals) = postSolution
		SolutionGuid = {A044B2DF-20E5-416B-90B2-0FB2E9A90B35}
	EndGlobalSection
EndGlobal
